// !$*UTF8*$!
{
	archiveVersion = 1;
	classes = {
	};
	objectVersion = 46;
	objects = {

/* Begin PBXBuildFile section */
		040ABFEB199078D5008A23BB /* OtherEnquiry.xib in Resources */ = {isa = PBXBuildFile; fileRef = 040ABFEA199078D5008A23BB /* OtherEnquiry.xib */; };
		040ABFEE1991B12C008A23BB /* DropListItem.m in Sources */ = {isa = PBXBuildFile; fileRef = 040ABFED1991B12C008A23BB /* DropListItem.m */; };
		040ABFF41991C2B1008A23BB /* TableViewCell.m in Sources */ = {isa = PBXBuildFile; fileRef = 040ABFF21991C2B1008A23BB /* TableViewCell.m */; };
		040ABFF51991C2B1008A23BB /* TableViewCell.xib in Resources */ = {isa = PBXBuildFile; fileRef = 040ABFF31991C2B1008A23BB /* TableViewCell.xib */; };
		047BCA23198B17F000D0DE01 /* Shadow.m in Sources */ = {isa = PBXBuildFile; fileRef = 047BCA21198B17F000D0DE01 /* Shadow.m */; };
		047BCA24198B17F000D0DE01 /* Shadow.xib in Resources */ = {isa = PBXBuildFile; fileRef = 047BCA22198B17F000D0DE01 /* Shadow.xib */; };
		048ECB791985DCEC00BFC504 /* OtherEnquiry.m in Sources */ = {isa = PBXBuildFile; fileRef = 048ECB771985DCEC00BFC504 /* OtherEnquiry.m */; };
		04B730D319824EC600D5C905 /* Foundation.framework in Frameworks */ = {isa = PBXBuildFile; fileRef = 04B730D219824EC600D5C905 /* Foundation.framework */; };
		04B730D519824EC600D5C905 /* CoreGraphics.framework in Frameworks */ = {isa = PBXBuildFile; fileRef = 04B730D419824EC600D5C905 /* CoreGraphics.framework */; };
		04B730D719824EC600D5C905 /* UIKit.framework in Frameworks */ = {isa = PBXBuildFile; fileRef = 04B730D619824EC600D5C905 /* UIKit.framework */; };
		04B730DD19824EC600D5C905 /* InfoPlist.strings in Resources */ = {isa = PBXBuildFile; fileRef = 04B730DB19824EC600D5C905 /* InfoPlist.strings */; };
		04B730DF19824EC600D5C905 /* main.m in Sources */ = {isa = PBXBuildFile; fileRef = 04B730DE19824EC600D5C905 /* main.m */; };
		04B730E319824EC600D5C905 /* AppDelegate.m in Sources */ = {isa = PBXBuildFile; fileRef = 04B730E219824EC600D5C905 /* AppDelegate.m */; };
		04B730E619824EC600D5C905 /* Main.storyboard in Resources */ = {isa = PBXBuildFile; fileRef = 04B730E419824EC600D5C905 /* Main.storyboard */; };
		04B730E919824EC600D5C905 /* ViewController.m in Sources */ = {isa = PBXBuildFile; fileRef = 04B730E819824EC600D5C905 /* ViewController.m */; };
		04B730EB19824EC600D5C905 /* Images.xcassets in Resources */ = {isa = PBXBuildFile; fileRef = 04B730EA19824EC600D5C905 /* Images.xcassets */; };
		04B730F219824EC700D5C905 /* XCTest.framework in Frameworks */ = {isa = PBXBuildFile; fileRef = 04B730F119824EC600D5C905 /* XCTest.framework */; };
		04B730F319824EC700D5C905 /* Foundation.framework in Frameworks */ = {isa = PBXBuildFile; fileRef = 04B730D219824EC600D5C905 /* Foundation.framework */; };
		04B730F419824EC700D5C905 /* UIKit.framework in Frameworks */ = {isa = PBXBuildFile; fileRef = 04B730D619824EC600D5C905 /* UIKit.framework */; };
		04B730FC19824EC700D5C905 /* InfoPlist.strings in Resources */ = {isa = PBXBuildFile; fileRef = 04B730FA19824EC700D5C905 /* InfoPlist.strings */; };
		04B730FE19824EC700D5C905 /* huamian2Tests.m in Sources */ = {isa = PBXBuildFile; fileRef = 04B730FD19824EC700D5C905 /* huamian2Tests.m */; };
		04B7310A19824F0C00D5C905 /* CreditCardVerificationView.m in Sources */ = {isa = PBXBuildFile; fileRef = 04B7310819824F0C00D5C905 /* CreditCardVerificationView.m */; };
		04B7310B19824F0C00D5C905 /* CreditCardVerificationView.xib in Resources */ = {isa = PBXBuildFile; fileRef = 04B7310919824F0C00D5C905 /* CreditCardVerificationView.xib */; };
/* End PBXBuildFile section */

/* Begin PBXContainerItemProxy section */
		04B730F519824EC700D5C905 /* PBXContainerItemProxy */ = {
			isa = PBXContainerItemProxy;
			containerPortal = 04B730C719824EC600D5C905 /* Project object */;
			proxyType = 1;
			remoteGlobalIDString = 04B730CE19824EC600D5C905;
			remoteInfo = huamian2;
		};
/* End PBXContainerItemProxy section */

/* Begin PBXFileReference section */
		040ABFEA199078D5008A23BB /* OtherEnquiry.xib */ = {isa = PBXFileReference; fileEncoding = 4; lastKnownFileType = file.xib; path = OtherEnquiry.xib; sourceTree = "<group>"; };
		040ABFEC1991B12C008A23BB /* DropListItem.h */ = {isa = PBXFileReference; fileEncoding = 4; lastKnownFileType = sourcecode.c.h; path = DropListItem.h; sourceTree = "<group>"; };
		040ABFED1991B12C008A23BB /* DropListItem.m */ = {isa = PBXFileReference; fileEncoding = 4; lastKnownFileType = sourcecode.c.objc; path = DropListItem.m; sourceTree = "<group>"; };
		040ABFF11991C2B1008A23BB /* TableViewCell.h */ = {isa = PBXFileReference; fileEncoding = 4; lastKnownFileType = sourcecode.c.h; path = TableViewCell.h; sourceTree = "<group>"; };
		040ABFF21991C2B1008A23BB /* TableViewCell.m */ = {isa = PBXFileReference; fileEncoding = 4; lastKnownFileType = sourcecode.c.objc; path = TableViewCell.m; sourceTree = "<group>"; };
		040ABFF31991C2B1008A23BB /* TableViewCell.xib */ = {isa = PBXFileReference; fileEncoding = 4; lastKnownFileType = file.xib; path = TableViewCell.xib; sourceTree = "<group>"; };
		047BCA20198B17F000D0DE01 /* Shadow.h */ = {isa = PBXFileReference; fileEncoding = 4; lastKnownFileType = sourcecode.c.h; path = Shadow.h; sourceTree = "<group>"; };
		047BCA21198B17F000D0DE01 /* Shadow.m */ = {isa = PBXFileReference; fileEncoding = 4; lastKnownFileType = sourcecode.c.objc; path = Shadow.m; sourceTree = "<group>"; };
		047BCA22198B17F000D0DE01 /* Shadow.xib */ = {isa = PBXFileReference; fileEncoding = 4; lastKnownFileType = file.xib; path = Shadow.xib; sourceTree = "<group>"; };
		048ECB761985DCEC00BFC504 /* OtherEnquiry.h */ = {isa = PBXFileReference; fileEncoding = 4; lastKnownFileType = sourcecode.c.h; path = OtherEnquiry.h; sourceTree = "<group>"; };
		048ECB771985DCEC00BFC504 /* OtherEnquiry.m */ = {isa = PBXFileReference; fileEncoding = 4; lastKnownFileType = sourcecode.c.objc; path = OtherEnquiry.m; sourceTree = "<group>"; wrapsLines = 0; };
		04B730CF19824EC600D5C905 /* huamian2.app */ = {isa = PBXFileReference; explicitFileType = wrapper.application; includeInIndex = 0; path = huamian2.app; sourceTree = BUILT_PRODUCTS_DIR; };
		04B730D219824EC600D5C905 /* Foundation.framework */ = {isa = PBXFileReference; lastKnownFileType = wrapper.framework; name = Foundation.framework; path = System/Library/Frameworks/Foundation.framework; sourceTree = SDKROOT; };
		04B730D419824EC600D5C905 /* CoreGraphics.framework */ = {isa = PBXFileReference; lastKnownFileType = wrapper.framework; name = CoreGraphics.framework; path = System/Library/Frameworks/CoreGraphics.framework; sourceTree = SDKROOT; };
		04B730D619824EC600D5C905 /* UIKit.framework */ = {isa = PBXFileReference; lastKnownFileType = wrapper.framework; name = UIKit.framework; path = System/Library/Frameworks/UIKit.framework; sourceTree = SDKROOT; };
		04B730DA19824EC600D5C905 /* huamian2-Info.plist */ = {isa = PBXFileReference; lastKnownFileType = text.plist.xml; path = "huamian2-Info.plist"; sourceTree = "<group>"; };
		04B730DC19824EC600D5C905 /* en */ = {isa = PBXFileReference; lastKnownFileType = text.plist.strings; name = en; path = en.lproj/InfoPlist.strings; sourceTree = "<group>"; };
		04B730DE19824EC600D5C905 /* main.m */ = {isa = PBXFileReference; lastKnownFileType = sourcecode.c.objc; path = main.m; sourceTree = "<group>"; };
		04B730E019824EC600D5C905 /* huamian2-Prefix.pch */ = {isa = PBXFileReference; lastKnownFileType = sourcecode.c.h; path = "huamian2-Prefix.pch"; sourceTree = "<group>"; };
		04B730E119824EC600D5C905 /* AppDelegate.h */ = {isa = PBXFileReference; lastKnownFileType = sourcecode.c.h; path = AppDelegate.h; sourceTree = "<group>"; };
		04B730E219824EC600D5C905 /* AppDelegate.m */ = {isa = PBXFileReference; lastKnownFileType = sourcecode.c.objc; path = AppDelegate.m; sourceTree = "<group>"; };
		04B730E519824EC600D5C905 /* Base */ = {isa = PBXFileReference; lastKnownFileType = file.storyboard; name = Base; path = Base.lproj/Main.storyboard; sourceTree = "<group>"; };
		04B730E719824EC600D5C905 /* ViewController.h */ = {isa = PBXFileReference; lastKnownFileType = sourcecode.c.h; path = ViewController.h; sourceTree = "<group>"; };
		04B730E819824EC600D5C905 /* ViewController.m */ = {isa = PBXFileReference; lastKnownFileType = sourcecode.c.objc; path = ViewController.m; sourceTree = "<group>"; };
		04B730EA19824EC600D5C905 /* Images.xcassets */ = {isa = PBXFileReference; lastKnownFileType = folder.assetcatalog; path = Images.xcassets; sourceTree = "<group>"; };
		04B730F019824EC600D5C905 /* huamian2Tests.xctest */ = {isa = PBXFileReference; explicitFileType = wrapper.cfbundle; includeInIndex = 0; path = huamian2Tests.xctest; sourceTree = BUILT_PRODUCTS_DIR; };
		04B730F119824EC600D5C905 /* XCTest.framework */ = {isa = PBXFileReference; lastKnownFileType = wrapper.framework; name = XCTest.framework; path = Library/Frameworks/XCTest.framework; sourceTree = DEVELOPER_DIR; };
		04B730F919824EC700D5C905 /* huamian2Tests-Info.plist */ = {isa = PBXFileReference; lastKnownFileType = text.plist.xml; path = "huamian2Tests-Info.plist"; sourceTree = "<group>"; };
		04B730FB19824EC700D5C905 /* en */ = {isa = PBXFileReference; lastKnownFileType = text.plist.strings; name = en; path = en.lproj/InfoPlist.strings; sourceTree = "<group>"; };
		04B730FD19824EC700D5C905 /* huamian2Tests.m */ = {isa = PBXFileReference; lastKnownFileType = sourcecode.c.objc; path = huamian2Tests.m; sourceTree = "<group>"; };
		04B7310719824F0C00D5C905 /* CreditCardVerificationView.h */ = {isa = PBXFileReference; fileEncoding = 4; lastKnownFileType = sourcecode.c.h; path = CreditCardVerificationView.h; sourceTree = "<group>"; };
		04B7310819824F0C00D5C905 /* CreditCardVerificationView.m */ = {isa = PBXFileReference; fileEncoding = 4; lastKnownFileType = sourcecode.c.objc; path = CreditCardVerificationView.m; sourceTree = "<group>"; };
		04B7310919824F0C00D5C905 /* CreditCardVerificationView.xib */ = {isa = PBXFileReference; fileEncoding = 4; lastKnownFileType = file.xib; path = CreditCardVerificationView.xib; sourceTree = "<group>"; };
/* End PBXFileReference section */

/* Begin PBXFrameworksBuildPhase section */
		04B730CC19824EC600D5C905 /* Frameworks */ = {
			isa = PBXFrameworksBuildPhase;
			buildActionMask = 2147483647;
			files = (
				04B730D519824EC600D5C905 /* CoreGraphics.framework in Frameworks */,
				04B730D719824EC600D5C905 /* UIKit.framework in Frameworks */,
				04B730D319824EC600D5C905 /* Foundation.framework in Frameworks */,
			);
			runOnlyForDeploymentPostprocessing = 0;
		};
		04B730ED19824EC600D5C905 /* Frameworks */ = {
			isa = PBXFrameworksBuildPhase;
			buildActionMask = 2147483647;
			files = (
				04B730F219824EC700D5C905 /* XCTest.framework in Frameworks */,
				04B730F419824EC700D5C905 /* UIKit.framework in Frameworks */,
				04B730F319824EC700D5C905 /* Foundation.framework in Frameworks */,
			);
			runOnlyForDeploymentPostprocessing = 0;
		};
/* End PBXFrameworksBuildPhase section */

/* Begin PBXGroup section */
		047BCA18198894F400D0DE01 /* asset */ = {
			isa = PBXGroup;
			children = (
			);
			name = asset;
			sourceTree = "<group>";
		};
		04B730C619824EC600D5C905 = {
			isa = PBXGroup;
			children = (
				04B730D819824EC600D5C905 /* huamian2 */,
				04B730F719824EC700D5C905 /* huamian2Tests */,
				04B730D119824EC600D5C905 /* Frameworks */,
				04B730D019824EC600D5C905 /* Products */,
				047BCA18198894F400D0DE01 /* asset */,
			);
			sourceTree = "<group>";
		};
		04B730D019824EC600D5C905 /* Products */ = {
			isa = PBXGroup;
			children = (
				04B730CF19824EC600D5C905 /* huamian2.app */,
				04B730F019824EC600D5C905 /* huamian2Tests.xctest */,
			);
			name = Products;
			sourceTree = "<group>";
		};
		04B730D119824EC600D5C905 /* Frameworks */ = {
			isa = PBXGroup;
			children = (
				04B730D219824EC600D5C905 /* Foundation.framework */,
				04B730D419824EC600D5C905 /* CoreGraphics.framework */,
				04B730D619824EC600D5C905 /* UIKit.framework */,
				04B730F119824EC600D5C905 /* XCTest.framework */,
			);
			name = Frameworks;
			sourceTree = "<group>";
		};
		04B730D819824EC600D5C905 /* huamian2 */ = {
			isa = PBXGroup;
			children = (
				04B730E119824EC600D5C905 /* AppDelegate.h */,
				04B730E219824EC600D5C905 /* AppDelegate.m */,
				04B730E419824EC600D5C905 /* Main.storyboard */,
				04B730E719824EC600D5C905 /* ViewController.h */,
				04B730E819824EC600D5C905 /* ViewController.m */,
				04B730EA19824EC600D5C905 /* Images.xcassets */,
				04B730D919824EC600D5C905 /* Supporting Files */,
				04B7310719824F0C00D5C905 /* CreditCardVerificationView.h */,
				04B7310819824F0C00D5C905 /* CreditCardVerificationView.m */,
				04B7310919824F0C00D5C905 /* CreditCardVerificationView.xib */,
				048ECB761985DCEC00BFC504 /* OtherEnquiry.h */,
				048ECB771985DCEC00BFC504 /* OtherEnquiry.m */,
				040ABFEA199078D5008A23BB /* OtherEnquiry.xib */,
				040ABFF11991C2B1008A23BB /* TableViewCell.h */,
				040ABFF21991C2B1008A23BB /* TableViewCell.m */,
				040ABFF31991C2B1008A23BB /* TableViewCell.xib */,
				047BCA20198B17F000D0DE01 /* Shadow.h */,
				047BCA21198B17F000D0DE01 /* Shadow.m */,
				047BCA22198B17F000D0DE01 /* Shadow.xib */,
				040ABFEC1991B12C008A23BB /* DropListItem.h */,
				040ABFED1991B12C008A23BB /* DropListItem.m */,
			);
			path = huamian2;
			sourceTree = "<group>";
		};
		04B730D919824EC600D5C905 /* Supporting Files */ = {
			isa = PBXGroup;
			children = (
				04B730DA19824EC600D5C905 /* huamian2-Info.plist */,
				04B730DB19824EC600D5C905 /* InfoPlist.strings */,
				04B730DE19824EC600D5C905 /* main.m */,
				04B730E019824EC600D5C905 /* huamian2-Prefix.pch */,
			);
			name = "Supporting Files";
			sourceTree = "<group>";
		};
		04B730F719824EC700D5C905 /* huamian2Tests */ = {
			isa = PBXGroup;
			children = (
				04B730FD19824EC700D5C905 /* huamian2Tests.m */,
				04B730F819824EC700D5C905 /* Supporting Files */,
			);
			path = huamian2Tests;
			sourceTree = "<group>";
		};
		04B730F819824EC700D5C905 /* Supporting Files */ = {
			isa = PBXGroup;
			children = (
				04B730F919824EC700D5C905 /* huamian2Tests-Info.plist */,
				04B730FA19824EC700D5C905 /* InfoPlist.strings */,
			);
			name = "Supporting Files";
			sourceTree = "<group>";
		};
/* End PBXGroup section */

/* Begin PBXNativeTarget section */
		04B730CE19824EC600D5C905 /* huamian2 */ = {
			isa = PBXNativeTarget;
			buildConfigurationList = 04B7310119824EC700D5C905 /* Build configuration list for PBXNativeTarget "huamian2" */;
			buildPhases = (
				04B730CB19824EC600D5C905 /* Sources */,
				04B730CC19824EC600D5C905 /* Frameworks */,
				04B730CD19824EC600D5C905 /* Resources */,
			);
			buildRules = (
			);
			dependencies = (
			);
			name = huamian2;
			productName = huamian2;
			productReference = 04B730CF19824EC600D5C905 /* huamian2.app */;
			productType = "com.apple.product-type.application";
		};
		04B730EF19824EC600D5C905 /* huamian2Tests */ = {
			isa = PBXNativeTarget;
			buildConfigurationList = 04B7310419824EC700D5C905 /* Build configuration list for PBXNativeTarget "huamian2Tests" */;
			buildPhases = (
				04B730EC19824EC600D5C905 /* Sources */,
				04B730ED19824EC600D5C905 /* Frameworks */,
				04B730EE19824EC600D5C905 /* Resources */,
			);
			buildRules = (
			);
			dependencies = (
				04B730F619824EC700D5C905 /* PBXTargetDependency */,
			);
			name = huamian2Tests;
			productName = huamian2Tests;
			productReference = 04B730F019824EC600D5C905 /* huamian2Tests.xctest */;
			productType = "com.apple.product-type.bundle.unit-test";
		};
/* End PBXNativeTarget section */

/* Begin PBXProject section */
		04B730C719824EC600D5C905 /* Project object */ = {
			isa = PBXProject;
			attributes = {
				LastUpgradeCheck = 0510;
				ORGANIZATIONNAME = "___FULLUSERNAME___";
				TargetAttributes = {
					04B730EF19824EC600D5C905 = {
						TestTargetID = 04B730CE19824EC600D5C905;
					};
				};
			};
			buildConfigurationList = 04B730CA19824EC600D5C905 /* Build configuration list for PBXProject "huamian2" */;
			compatibilityVersion = "Xcode 3.2";
			developmentRegion = English;
			hasScannedForEncodings = 0;
			knownRegions = (
				en,
				Base,
			);
			mainGroup = 04B730C619824EC600D5C905;
			productRefGroup = 04B730D019824EC600D5C905 /* Products */;
			projectDirPath = "";
			projectRoot = "";
			targets = (
				04B730CE19824EC600D5C905 /* huamian2 */,
				04B730EF19824EC600D5C905 /* huamian2Tests */,
			);
		};
/* End PBXProject section */

/* Begin PBXResourcesBuildPhase section */
		04B730CD19824EC600D5C905 /* Resources */ = {
			isa = PBXResourcesBuildPhase;
			buildActionMask = 2147483647;
			files = (
				040ABFEB199078D5008A23BB /* OtherEnquiry.xib in Resources */,
				047BCA24198B17F000D0DE01 /* Shadow.xib in Resources */,
				040ABFF51991C2B1008A23BB /* TableViewCell.xib in Resources */,
				04B730EB19824EC600D5C905 /* Images.xcassets in Resources */,
				04B730DD19824EC600D5C905 /* InfoPlist.strings in Resources */,
				04B7310B19824F0C00D5C905 /* CreditCardVerificationView.xib in Resources */,
				04B730E619824EC600D5C905 /* Main.storyboard in Resources */,
			);
			runOnlyForDeploymentPostprocessing = 0;
		};
		04B730EE19824EC600D5C905 /* Resources */ = {
			isa = PBXResourcesBuildPhase;
			buildActionMask = 2147483647;
			files = (
				04B730FC19824EC700D5C905 /* InfoPlist.strings in Resources */,
			);
			runOnlyForDeploymentPostprocessing = 0;
		};
/* End PBXResourcesBuildPhase section */

/* Begin PBXSourcesBuildPhase section */
		04B730CB19824EC600D5C905 /* Sources */ = {
			isa = PBXSourcesBuildPhase;
			buildActionMask = 2147483647;
			files = (
				04B730E919824EC600D5C905 /* ViewController.m in Sources */,
				04B730E319824EC600D5C905 /* AppDelegate.m in Sources */,
				048ECB791985DCEC00BFC504 /* OtherEnquiry.m in Sources */,
				047BCA23198B17F000D0DE01 /* Shadow.m in Sources */,
				04B7310A19824F0C00D5C905 /* CreditCardVerificationView.m in Sources */,
				040ABFF41991C2B1008A23BB /* TableViewCell.m in Sources */,
				04B730DF19824EC600D5C905 /* main.m in Sources */,
				040ABFEE1991B12C008A23BB /* DropListItem.m in Sources */,
			);
			runOnlyForDeploymentPostprocessing = 0;
		};
		04B730EC19824EC600D5C905 /* Sources */ = {
			isa = PBXSourcesBuildPhase;
			buildActionMask = 2147483647;
			files = (
				04B730FE19824EC700D5C905 /* huamian2Tests.m in Sources */,
			);
			runOnlyForDeploymentPostprocessing = 0;
		};
/* End PBXSourcesBuildPhase section */

/* Begin PBXTargetDependency section */
		04B730F619824EC700D5C905 /* PBXTargetDependency */ = {
			isa = PBXTargetDependency;
			target = 04B730CE19824EC600D5C905 /* huamian2 */;
			targetProxy = 04B730F519824EC700D5C905 /* PBXContainerItemProxy */;
		};
/* End PBXTargetDependency section */

/* Begin PBXVariantGroup section */
		04B730DB19824EC600D5C905 /* InfoPlist.strings */ = {
			isa = PBXVariantGroup;
			children = (
				04B730DC19824EC600D5C905 /* en */,
			);
			name = InfoPlist.strings;
			sourceTree = "<group>";
		};
		04B730E419824EC600D5C905 /* Main.storyboard */ = {
			isa = PBXVariantGroup;
			children = (
				04B730E519824EC600D5C905 /* Base */,
			);
			name = Main.storyboard;
			sourceTree = "<group>";
		};
		04B730FA19824EC700D5C905 /* InfoPlist.strings */ = {
			isa = PBXVariantGroup;
			children = (
				04B730FB19824EC700D5C905 /* en */,
			);
			name = InfoPlist.strings;
			sourceTree = "<group>";
		};
/* End PBXVariantGroup section */

/* Begin XCBuildConfiguration section */
		04B730FF19824EC700D5C905 /* Debug */ = {
			isa = XCBuildConfiguration;
			buildSettings = {
				ALWAYS_SEARCH_USER_PATHS = NO;
				CLANG_CXX_LANGUAGE_STANDARD = "gnu++0x";
				CLANG_CXX_LIBRARY = "libc++";
				CLANG_ENABLE_MODULES = YES;
				CLANG_ENABLE_OBJC_ARC = YES;
				CLANG_WARN_BOOL_CONVERSION = YES;
				CLANG_WARN_CONSTANT_CONVERSION = YES;
				CLANG_WARN_DIRECT_OBJC_ISA_USAGE = YES_ERROR;
				CLANG_WARN_EMPTY_BODY = YES;
				CLANG_WARN_ENUM_CONVERSION = YES;
				CLANG_WARN_INT_CONVERSION = YES;
				CLANG_WARN_OBJC_ROOT_CLASS = YES_ERROR;
				CLANG_WARN__DUPLICATE_METHOD_MATCH = YES;
				"CODE_SIGN_IDENTITY[sdk=iphoneos*]" = "iPhone Developer";
				COPY_PHASE_STRIP = NO;
				GCC_C_LANGUAGE_STANDARD = gnu99;
				GCC_DYNAMIC_NO_PIC = NO;
				GCC_OPTIMIZATION_LEVEL = 0;
				GCC_PREPROCESSOR_DEFINITIONS = (
					"DEBUG=1",
					"$(inherited)",
				);
				GCC_SYMBOLS_PRIVATE_EXTERN = NO;
				GCC_WARN_64_TO_32_BIT_CONVERSION = YES;
				GCC_WARN_ABOUT_RETURN_TYPE = YES_ERROR;
				GCC_WARN_UNDECLARED_SELECTOR = YES;
				GCC_WARN_UNINITIALIZED_AUTOS = YES_AGGRESSIVE;
				GCC_WARN_UNUSED_FUNCTION = YES;
				GCC_WARN_UNUSED_VARIABLE = YES;
				IPHONEOS_DEPLOYMENT_TARGET = 7.1;
				ONLY_ACTIVE_ARCH = YES;
				SDKROOT = iphoneos;
			};
			name = Debug;
		};
		04B7310019824EC700D5C905 /* Release */ = {
			isa = XCBuildConfiguration;
			buildSettings = {
				ALWAYS_SEARCH_USER_PATHS = NO;
				CLANG_CXX_LANGUAGE_STANDARD = "gnu++0x";
				CLANG_CXX_LIBRARY = "libc++";
				CLANG_ENABLE_MODULES = YES;
				CLANG_ENABLE_OBJC_ARC = YES;
				CLANG_WARN_BOOL_CONVERSION = YES;
				CLANG_WARN_CONSTANT_CONVERSION = YES;
				CLANG_WARN_DIRECT_OBJC_ISA_USAGE = YES_ERROR;
				CLANG_WARN_EMPTY_BODY = YES;
				CLANG_WARN_ENUM_CONVERSION = YES;
				CLANG_WARN_INT_CONVERSION = YES;
				CLANG_WARN_OBJC_ROOT_CLASS = YES_ERROR;
				CLANG_WARN__DUPLICATE_METHOD_MATCH = YES;
				"CODE_SIGN_IDENTITY[sdk=iphoneos*]" = "iPhone Developer";
				COPY_PHASE_STRIP = YES;
				ENABLE_NS_ASSERTIONS = NO;
				GCC_C_LANGUAGE_STANDARD = gnu99;
				GCC_WARN_64_TO_32_BIT_CONVERSION = YES;
				GCC_WARN_ABOUT_RETURN_TYPE = YES_ERROR;
				GCC_WARN_UNDECLARED_SELECTOR = YES;
				GCC_WARN_UNINITIALIZED_AUTOS = YES_AGGRESSIVE;
				GCC_WARN_UNUSED_FUNCTION = YES;
				GCC_WARN_UNUSED_VARIABLE = YES;
				IPHONEOS_DEPLOYMENT_TARGET = 7.1;
				SDKROOT = iphoneos;
				VALIDATE_PRODUCT = YES;
			};
			name = Release;
		};
		04B7310219824EC700D5C905 /* Debug */ = {
			isa = XCBuildConfiguration;
			buildSettings = {
				ASSETCATALOG_COMPILER_APPICON_NAME = AppIcon;
				ASSETCATALOG_COMPILER_LAUNCHIMAGE_NAME = LaunchImage;
				GCC_PRECOMPILE_PREFIX_HEADER = YES;
				GCC_PREFIX_HEADER = "huamian2/huamian2-Prefix.pch";
				INFOPLIST_FILE = "huamian2/huamian2-Info.plist";
				PRODUCT_NAME = "$(TARGET_NAME)";
				WRAPPER_EXTENSION = app;
			};
			name = Debug;
		};
		04B7310319824EC700D5C905 /* Release */ = {
			isa = XCBuildConfiguration;
			buildSettings = {
				ASSETCATALOG_COMPILER_APPICON_NAME = AppIcon;
				ASSETCATALOG_COMPILER_LAUNCHIMAGE_NAME = LaunchImage;
				GCC_PRECOMPILE_PREFIX_HEADER = YES;
				GCC_PREFIX_HEADER = "huamian2/huamian2-Prefix.pch";
				INFOPLIST_FILE = "huamian2/huamian2-Info.plist";
				PRODUCT_NAME = "$(TARGET_NAME)";
				WRAPPER_EXTENSION = app;
			};
			name = Release;
		};
		04B7310519824EC700D5C905 /* Debug */ = {
			isa = XCBuildConfiguration;
			buildSettings = {
				BUNDLE_LOADER = "$(BUILT_PRODUCTS_DIR)/huamian2.app/huamian2";
				FRAMEWORK_SEARCH_PATHS = (
					"$(SDKROOT)/Developer/Library/Frameworks",
					"$(inherited)",
					"$(DEVELOPER_FRAMEWORKS_DIR)",
				);
				GCC_PRECOMPILE_PREFIX_HEADER = YES;
				GCC_PREFIX_HEADER = "huamian2/huamian2-Prefix.pch";
				GCC_PREPROCESSOR_DEFINITIONS = (
					"DEBUG=1",
					"$(inherited)",
				);
				INFOPLIST_FILE = "huamian2Tests/huamian2Tests-Info.plist";
				PRODUCT_NAME = "$(TARGET_NAME)";
				TEST_HOST = "$(BUNDLE_LOADER)";
				WRAPPER_EXTENSION = xctest;
			};
			name = Debug;
		};
		04B7310619824EC700D5C905 /* Release */ = {
			isa = XCBuildConfiguration;
			buildSettings = {
				BUNDLE_LOADER = "$(BUILT_PRODUCTS_DIR)/huamian2.app/huamian2";
				FRAMEWORK_SEARCH_PATHS = (
					"$(SDKROOT)/Developer/Library/Frameworks",
					"$(inherited)",
					"$(DEVELOPER_FRAMEWORKS_DIR)",
				);
				GCC_PRECOMPILE_PREFIX_HEADER = YES;
				GCC_PREFIX_HEADER = "huamian2/huamian2-Prefix.pch";
				INFOPLIST_FILE = "huamian2Tests/huamian2Tests-Info.plist";
				PRODUCT_NAME = "$(TARGET_NAME)";
				TEST_HOST = "$(BUNDLE_LOADER)";
				WRAPPER_EXTENSION = xctest;
			};
			name = Release;
		};
/* End XCBuildConfiguration section */

/* Begin XCConfigurationList section */
		04B730CA19824EC600D5C905 /* Build configuration list for PBXProject "huamian2" */ = {
			isa = XCConfigurationList;
			buildConfigurations = (
				04B730FF19824EC700D5C905 /* Debug */,
				04B7310019824EC700D5C905 /* Release */,
			);
			defaultConfigurationIsVisible = 0;
			defaultConfigurationName = Release;
		};
		04B7310119824EC700D5C905 /* Build configuration list for PBXNativeTarget "huamian2" */ = {
			isa = XCConfigurationList;
			buildConfigurations = (
				04B7310219824EC700D5C905 /* Debug */,
				04B7310319824EC700D5C905 /* Release */,
			);
			defaultConfigurationIsVisible = 0;
			defaultConfigurationName = Release;
		};
		04B7310419824EC700D5C905 /* Build configuration list for PBXNativeTarget "huamian2Tests" */ = {
			isa = XCConfigurationList;
			buildConfigurations = (
				04B7310519824EC700D5C905 /* Debug */,
				04B7310619824EC700D5C905 /* Release */,
			);
			defaultConfigurationIsVisible = 0;
			defaultConfigurationName = Release;
		};
/* End XCConfigurationList section */
	};
	rootObject = 04B730C719824EC600D5C905 /* Project object */;
}
